
Microsoft Visual Studio Solution File, Format Version 12.00
# Visual Studio Version 16
VisualStudioVersion = 16.0.30621.155
MinimumVisualStudioVersion = 10.0.40219.1
Project("{FAE04EC0-301F-11D3-BF4B-00C04F79EFBC}") = "Pract-8", "Pract-8\Pract-8.csproj", "{CA3EA642-E605-4801-B6C5-6B1579753CDF}"
EndProject
Global
	GlobalSection(SolutionConfigurationPlatforms) = preSolution
		Debug|Any CPU = Debug|Any CPU
		Release|Any CPU = Release|Any CPU
	EndGlobalSection
	GlobalSection(ProjectConfigurationPlatforms) = postSolution
		{CA3EA642-E605-4801-B6C5-6B1579753CDF}.Debug|Any CPU.ActiveCfg = Debug|Any CPU
		{CA3EA642-E605-4801-B6C5-6B1579753CDF}.Debug|Any CPU.Build.0 = Debug|Any CPU
		{CA3EA642-E605-4801-B6C5-6B1579753CDF}.Release|Any CPU.ActiveCfg = Release|Any CPU
		{CA3EA642-E605-4801-B6C5-6B1579753CDF}.Release|Any CPU.Build.0 = Release|Any CPU
	EndGlobalSection
	GlobalSection(SolutionProperties) = preSolution
		HideSolutionNode = FALSE
	EndGlobalSection
	GlobalSection(ExtensibilityGlobals) = postSolution
		SolutionGuid = {1D06407F-9CC2-4922-9784-77A4B0203675}
	EndGlobalSection
EndGlobal
